Microsoft Visual Studio Solution File, Format Version 11.00
# Visual Studio 2008

Project("{916C5F12-618F-ECEE-4322-7AF1BA893B4C}") = "BYOA", "Assembly-CSharp.csproj", "{5601C991-6697-F8AB-69EF-95DA837230A3}"
EndProject
Global
	GlobalSection(SolutionConfigurationPlatforms) = preSolution
		Debug|Any CPU = Debug|Any CPU
		Release|Any CPU = Release|Any CPU
	EndGlobalSection
	GlobalSection(ProjectConfigurationPlatforms) = postSolution
		{5601C991-6697-F8AB-69EF-95DA837230A3}.Debug|Any CPU.ActiveCfg = Debug|Any CPU
		{5601C991-6697-F8AB-69EF-95DA837230A3}.Debug|Any CPU.Build.0 = Debug|Any CPU
		{5601C991-6697-F8AB-69EF-95DA837230A3}.Release|Any CPU.ActiveCfg = Release|Any CPU
		{5601C991-6697-F8AB-69EF-95DA837230A3}.Release|Any CPU.Build.0 = Release|Any CPU
	EndGlobalSection
	GlobalSection(SolutionProperties) = preSolution
		HideSolutionNode = FALSE
	EndGlobalSection
	GlobalSection(MonoDevelopProperties) = preSolution
		StartupItem = Assembly-CSharp.csproj
	EndGlobalSection
EndGlobal
